// !$*UTF8*$!
{
	archiveVersion = 1;
	classes = {
	};
	objectVersion = 56;
	objects = {

/* Begin PBXBuildFile section */
		95120AC329DA54B6008D5144 /* AppDelegate.swift in Sources */ = {isa = PBXBuildFile; fileRef = 95120AC229DA54B6008D5144 /* AppDelegate.swift */; };
		95120AC529DA54B6008D5144 /* SceneDelegate.swift in Sources */ = {isa = PBXBuildFile; fileRef = 95120AC429DA54B6008D5144 /* SceneDelegate.swift */; };
		95120AC729DA54B6008D5144 /* MainViewController.swift in Sources */ = {isa = PBXBuildFile; fileRef = 95120AC629DA54B6008D5144 /* MainViewController.swift */; };
		95120ACC29DA54B7008D5144 /* Assets.xcassets in Resources */ = {isa = PBXBuildFile; fileRef = 95120ACB29DA54B7008D5144 /* Assets.xcassets */; };
		95120ACF29DA54B7008D5144 /* LaunchScreen.storyboard in Resources */ = {isa = PBXBuildFile; fileRef = 95120ACD29DA54B7008D5144 /* LaunchScreen.storyboard */; };
		95120ADC29DA5888008D5144 /* MainPresenter.swift in Sources */ = {isa = PBXBuildFile; fileRef = 95120ADB29DA5888008D5144 /* MainPresenter.swift */; };
		95120ADE29DA5895008D5144 /* MainRouter.swift in Sources */ = {isa = PBXBuildFile; fileRef = 95120ADD29DA5895008D5144 /* MainRouter.swift */; };
		95120B0729DAE5D1008D5144 /* NetworkManagerProtocol.swift in Sources */ = {isa = PBXBuildFile; fileRef = 95120B0629DAE5D1008D5144 /* NetworkManagerProtocol.swift */; };
		95120B0A29DAE627008D5144 /* Model.swift in Sources */ = {isa = PBXBuildFile; fileRef = 95120B0929DAE627008D5144 /* Model.swift */; };
		95817CDD29DD6F5900DC997B /* TableViewCell.swift in Sources */ = {isa = PBXBuildFile; fileRef = 95817CDC29DD6F5900DC997B /* TableViewCell.swift */; };
		95817CDF29DD6F9400DC997B /* TableViewHeaderСlassification.swift in Sources */ = {isa = PBXBuildFile; fileRef = 95817CDE29DD6F9400DC997B /* TableViewHeaderСlassification.swift */; };
		95817CE129DD7E7100DC997B /* TableViewHeaderBaner.swift in Sources */ = {isa = PBXBuildFile; fileRef = 95817CE029DD7E7100DC997B /* TableViewHeaderBaner.swift */; };
		95817CE629DD817600DC997B /* CollectionViewCell.swift in Sources */ = {isa = PBXBuildFile; fileRef = 95817CE529DD817600DC997B /* CollectionViewCell.swift */; };
		95817CE829DD980200DC997B /* CollectionViewCellClassification.swift in Sources */ = {isa = PBXBuildFile; fileRef = 95817CE729DD980200DC997B /* CollectionViewCellClassification.swift */; };
		95817CEF29DDB36600DC997B /* TabBarViewController.swift in Sources */ = {isa = PBXBuildFile; fileRef = 95817CEE29DDB36600DC997B /* TabBarViewController.swift */; };
		95817CF129DDB37900DC997B /* TabBarPresenter.swift in Sources */ = {isa = PBXBuildFile; fileRef = 95817CF029DDB37900DC997B /* TabBarPresenter.swift */; };
		95817CF329DDB38100DC997B /* TabBarRouter.swift in Sources */ = {isa = PBXBuildFile; fileRef = 95817CF229DDB38100DC997B /* TabBarRouter.swift */; };
		95817CF629DDBD9000DC997B /* Extension+UIColor.swift in Sources */ = {isa = PBXBuildFile; fileRef = 95817CF529DDBD9000DC997B /* Extension+UIColor.swift */; };
/* End PBXBuildFile section */

/* Begin PBXFileReference section */
		95120ABF29DA54B6008D5144 /* DeliveryApp.app */ = {isa = PBXFileReference; explicitFileType = wrapper.application; includeInIndex = 0; path = DeliveryApp.app; sourceTree = BUILT_PRODUCTS_DIR; };
		95120AC229DA54B6008D5144 /* AppDelegate.swift */ = {isa = PBXFileReference; lastKnownFileType = sourcecode.swift; path = AppDelegate.swift; sourceTree = "<group>"; };
		95120AC429DA54B6008D5144 /* SceneDelegate.swift */ = {isa = PBXFileReference; lastKnownFileType = sourcecode.swift; path = SceneDelegate.swift; sourceTree = "<group>"; };
		95120AC629DA54B6008D5144 /* MainViewController.swift */ = {isa = PBXFileReference; lastKnownFileType = sourcecode.swift; path = MainViewController.swift; sourceTree = "<group>"; };
		95120ACB29DA54B7008D5144 /* Assets.xcassets */ = {isa = PBXFileReference; lastKnownFileType = folder.assetcatalog; path = Assets.xcassets; sourceTree = "<group>"; };
		95120ACE29DA54B7008D5144 /* Base */ = {isa = PBXFileReference; lastKnownFileType = file.storyboard; name = Base; path = Base.lproj/LaunchScreen.storyboard; sourceTree = "<group>"; };
		95120AD029DA54B7008D5144 /* Info.plist */ = {isa = PBXFileReference; lastKnownFileType = text.plist.xml; path = Info.plist; sourceTree = "<group>"; };
		95120ADB29DA5888008D5144 /* MainPresenter.swift */ = {isa = PBXFileReference; lastKnownFileType = sourcecode.swift; path = MainPresenter.swift; sourceTree = "<group>"; };
		95120ADD29DA5895008D5144 /* MainRouter.swift */ = {isa = PBXFileReference; lastKnownFileType = sourcecode.swift; path = MainRouter.swift; sourceTree = "<group>"; };
		95120B0629DAE5D1008D5144 /* NetworkManagerProtocol.swift */ = {isa = PBXFileReference; lastKnownFileType = sourcecode.swift; path = NetworkManagerProtocol.swift; sourceTree = "<group>"; };
		95120B0929DAE627008D5144 /* Model.swift */ = {isa = PBXFileReference; lastKnownFileType = sourcecode.swift; path = Model.swift; sourceTree = "<group>"; };
		95817CDC29DD6F5900DC997B /* TableViewCell.swift */ = {isa = PBXFileReference; lastKnownFileType = sourcecode.swift; path = TableViewCell.swift; sourceTree = "<group>"; };
		95817CDE29DD6F9400DC997B /* TableViewHeaderСlassification.swift */ = {isa = PBXFileReference; lastKnownFileType = sourcecode.swift; path = "TableViewHeaderСlassification.swift"; sourceTree = "<group>"; };
		95817CE029DD7E7100DC997B /* TableViewHeaderBaner.swift */ = {isa = PBXFileReference; lastKnownFileType = sourcecode.swift; path = TableViewHeaderBaner.swift; sourceTree = "<group>"; };
		95817CE529DD817600DC997B /* CollectionViewCell.swift */ = {isa = PBXFileReference; lastKnownFileType = sourcecode.swift; path = CollectionViewCell.swift; sourceTree = "<group>"; };
		95817CE729DD980200DC997B /* CollectionViewCellClassification.swift */ = {isa = PBXFileReference; lastKnownFileType = sourcecode.swift; path = CollectionViewCellClassification.swift; sourceTree = "<group>"; };
		95817CEE29DDB36600DC997B /* TabBarViewController.swift */ = {isa = PBXFileReference; lastKnownFileType = sourcecode.swift; path = TabBarViewController.swift; sourceTree = "<group>"; };
		95817CF029DDB37900DC997B /* TabBarPresenter.swift */ = {isa = PBXFileReference; lastKnownFileType = sourcecode.swift; path = TabBarPresenter.swift; sourceTree = "<group>"; };
		95817CF229DDB38100DC997B /* TabBarRouter.swift */ = {isa = PBXFileReference; lastKnownFileType = sourcecode.swift; path = TabBarRouter.swift; sourceTree = "<group>"; };
		95817CF529DDBD9000DC997B /* Extension+UIColor.swift */ = {isa = PBXFileReference; lastKnownFileType = sourcecode.swift; path = "Extension+UIColor.swift"; sourceTree = "<group>"; };
/* End PBXFileReference section */

/* Begin PBXFrameworksBuildPhase section */
		95120ABC29DA54B6008D5144 /* Frameworks */ = {
			isa = PBXFrameworksBuildPhase;
			buildActionMask = 2147483647;
			files = (
			);
			runOnlyForDeploymentPostprocessing = 0;
		};
/* End PBXFrameworksBuildPhase section */

/* Begin PBXGroup section */
		95120AB629DA54B6008D5144 = {
			isa = PBXGroup;
			children = (
				95120AC129DA54B6008D5144 /* DeliveryApp */,
				95120AC029DA54B6008D5144 /* Products */,
			);
			sourceTree = "<group>";
		};
		95120AC029DA54B6008D5144 /* Products */ = {
			isa = PBXGroup;
			children = (
				95120ABF29DA54B6008D5144 /* DeliveryApp.app */,
			);
			name = Products;
			sourceTree = "<group>";
		};
		95120AC129DA54B6008D5144 /* DeliveryApp */ = {
			isa = PBXGroup;
			children = (
				95817CF429DDBD5C00DC997B /* Extensions */,
				95817CEA29DDB32400DC997B /* TabBar */,
				95120ADF29DA5D39008D5144 /* Delegate */,
				95120AE129DA5D4E008D5144 /* NetworkLayer */,
				95120AD629DA582C008D5144 /* MainScreen */,
				95120ACB29DA54B7008D5144 /* Assets.xcassets */,
				95120ACD29DA54B7008D5144 /* LaunchScreen.storyboard */,
				95120AD029DA54B7008D5144 /* Info.plist */,
			);
			path = DeliveryApp;
			sourceTree = "<group>";
		};
		95120AD629DA582C008D5144 /* MainScreen */ = {
			isa = PBXGroup;
			children = (
				95120B0829DAE621008D5144 /* Model */,
				95120AD729DA5835008D5144 /* View */,
				95120AD929DA583E008D5144 /* Presenter */,
				95120ADA29DA5848008D5144 /* Router */,
			);
			path = MainScreen;
			sourceTree = "<group>";
		};
		95120AD729DA5835008D5144 /* View */ = {
			isa = PBXGroup;
			children = (
				95120AC629DA54B6008D5144 /* MainViewController.swift */,
				95817CE329DD7FF400DC997B /* TableViewCell */,
				95817CE229DD7FEA00DC997B /* Headers */,
			);
			path = View;
			sourceTree = "<group>";
		};
		95120AD929DA583E008D5144 /* Presenter */ = {
			isa = PBXGroup;
			children = (
				95120ADB29DA5888008D5144 /* MainPresenter.swift */,
			);
			path = Presenter;
			sourceTree = "<group>";
		};
		95120ADA29DA5848008D5144 /* Router */ = {
			isa = PBXGroup;
			children = (
				95120ADD29DA5895008D5144 /* MainRouter.swift */,
			);
			path = Router;
			sourceTree = "<group>";
		};
		95120ADF29DA5D39008D5144 /* Delegate */ = {
			isa = PBXGroup;
			children = (
				95120AC229DA54B6008D5144 /* AppDelegate.swift */,
				95120AC429DA54B6008D5144 /* SceneDelegate.swift */,
			);
			path = Delegate;
			sourceTree = "<group>";
		};
		95120AE129DA5D4E008D5144 /* NetworkLayer */ = {
			isa = PBXGroup;
			children = (
				95120B0629DAE5D1008D5144 /* NetworkManagerProtocol.swift */,
			);
			path = NetworkLayer;
			sourceTree = "<group>";
		};
		95120B0829DAE621008D5144 /* Model */ = {
			isa = PBXGroup;
			children = (
				95120B0929DAE627008D5144 /* Model.swift */,
			);
			path = Model;
			sourceTree = "<group>";
		};
		95817CE229DD7FEA00DC997B /* Headers */ = {
			isa = PBXGroup;
			children = (
				95817CE029DD7E7100DC997B /* TableViewHeaderBaner.swift */,
				95817CDE29DD6F9400DC997B /* TableViewHeaderСlassification.swift */,
				95817CE429DD815F00DC997B /* CollectionViewCell */,
			);
			path = Headers;
			sourceTree = "<group>";
		};
		95817CE329DD7FF400DC997B /* TableViewCell */ = {
			isa = PBXGroup;
			children = (
				95817CDC29DD6F5900DC997B /* TableViewCell.swift */,
			);
			path = TableViewCell;
			sourceTree = "<group>";
		};
		95817CE429DD815F00DC997B /* CollectionViewCell */ = {
			isa = PBXGroup;
			children = (
				95817CE529DD817600DC997B /* CollectionViewCell.swift */,
				95817CE729DD980200DC997B /* CollectionViewCellClassification.swift */,
			);
			path = CollectionViewCell;
			sourceTree = "<group>";
		};
		95817CEA29DDB32400DC997B /* TabBar */ = {
			isa = PBXGroup;
			children = (
				95817CED29DDB35900DC997B /* View */,
				95817CEC29DDB35400DC997B /* Presenter */,
				95817CEB29DDB34F00DC997B /* Router */,
			);
			path = TabBar;
			sourceTree = "<group>";
		};
		95817CEB29DDB34F00DC997B /* Router */ = {
			isa = PBXGroup;
			children = (
				95817CF229DDB38100DC997B /* TabBarRouter.swift */,
			);
			path = Router;
			sourceTree = "<group>";
		};
		95817CEC29DDB35400DC997B /* Presenter */ = {
			isa = PBXGroup;
			children = (
				95817CF029DDB37900DC997B /* TabBarPresenter.swift */,
			);
			path = Presenter;
			sourceTree = "<group>";
		};
		95817CED29DDB35900DC997B /* View */ = {
			isa = PBXGroup;
			children = (
				95817CEE29DDB36600DC997B /* TabBarViewController.swift */,
			);
			path = View;
			sourceTree = "<group>";
		};
		95817CF429DDBD5C00DC997B /* Extensions */ = {
			isa = PBXGroup;
			children = (
				95817CF529DDBD9000DC997B /* Extension+UIColor.swift */,
			);
			path = Extensions;
			sourceTree = "<group>";
		};
/* End PBXGroup section */

/* Begin PBXNativeTarget section */
		95120ABE29DA54B6008D5144 /* DeliveryApp */ = {
			isa = PBXNativeTarget;
			buildConfigurationList = 95120AD329DA54B7008D5144 /* Build configuration list for PBXNativeTarget "DeliveryApp" */;
			buildPhases = (
				95120ABB29DA54B6008D5144 /* Sources */,
				95120ABC29DA54B6008D5144 /* Frameworks */,
				95120ABD29DA54B6008D5144 /* Resources */,
			);
			buildRules = (
			);
			dependencies = (
			);
			name = DeliveryApp;
			productName = DeliveryApp;
			productReference = 95120ABF29DA54B6008D5144 /* DeliveryApp.app */;
			productType = "com.apple.product-type.application";
		};
/* End PBXNativeTarget section */

/* Begin PBXProject section */
		95120AB729DA54B6008D5144 /* Project object */ = {
			isa = PBXProject;
			attributes = {
				BuildIndependentTargetsInParallel = 1;
				LastSwiftUpdateCheck = 1400;
				LastUpgradeCheck = 1400;
				TargetAttributes = {
					95120ABE29DA54B6008D5144 = {
						CreatedOnToolsVersion = 14.0.1;
					};
				};
			};
			buildConfigurationList = 95120ABA29DA54B6008D5144 /* Build configuration list for PBXProject "DeliveryApp" */;
			compatibilityVersion = "Xcode 14.0";
			developmentRegion = en;
			hasScannedForEncodings = 0;
			knownRegions = (
				en,
				Base,
			);
			mainGroup = 95120AB629DA54B6008D5144;
			productRefGroup = 95120AC029DA54B6008D5144 /* Products */;
			projectDirPath = "";
			projectRoot = "";
			targets = (
				95120ABE29DA54B6008D5144 /* DeliveryApp */,
			);
		};
/* End PBXProject section */

/* Begin PBXResourcesBuildPhase section */
		95120ABD29DA54B6008D5144 /* Resources */ = {
			isa = PBXResourcesBuildPhase;
			buildActionMask = 2147483647;
			files = (
				95120ACF29DA54B7008D5144 /* LaunchScreen.storyboard in Resources */,
				95120ACC29DA54B7008D5144 /* Assets.xcassets in Resources */,
			);
			runOnlyForDeploymentPostprocessing = 0;
		};
/* End PBXResourcesBuildPhase section */

/* Begin PBXSourcesBuildPhase section */
		95120ABB29DA54B6008D5144 /* Sources */ = {
			isa = PBXSourcesBuildPhase;
			buildActionMask = 2147483647;
			files = (
				95120B0A29DAE627008D5144 /* Model.swift in Sources */,
				95817CE129DD7E7100DC997B /* TableViewHeaderBaner.swift in Sources */,
				95817CDD29DD6F5900DC997B /* TableViewCell.swift in Sources */,
				95120B0729DAE5D1008D5144 /* NetworkManagerProtocol.swift in Sources */,
				95120ADE29DA5895008D5144 /* MainRouter.swift in Sources */,
				95817CDF29DD6F9400DC997B /* TableViewHeaderСlassification.swift in Sources */,
				95120AC729DA54B6008D5144 /* MainViewController.swift in Sources */,
				95817CF629DDBD9000DC997B /* Extension+UIColor.swift in Sources */,
				95120AC329DA54B6008D5144 /* AppDelegate.swift in Sources */,
				95817CF129DDB37900DC997B /* TabBarPresenter.swift in Sources */,
				95817CF329DDB38100DC997B /* TabBarRouter.swift in Sources */,
				95817CE829DD980200DC997B /* CollectionViewCellClassification.swift in Sources */,
				95120AC529DA54B6008D5144 /* SceneDelegate.swift in Sources */,
				95817CEF29DDB36600DC997B /* TabBarViewController.swift in Sources */,
				95120ADC29DA5888008D5144 /* MainPresenter.swift in Sources */,
				95817CE629DD817600DC997B /* CollectionViewCell.swift in Sources */,
			);
			runOnlyForDeploymentPostprocessing = 0;
		};
/* End PBXSourcesBuildPhase section */

/* Begin PBXVariantGroup section */
		95120ACD29DA54B7008D5144 /* LaunchScreen.storyboard */ = {
			isa = PBXVariantGroup;
			children = (
				95120ACE29DA54B7008D5144 /* Base */,
			);
			name = LaunchScreen.storyboard;
			sourceTree = "<group>";
		};
/* End PBXVariantGroup section */

/* Begin XCBuildConfiguration section */
		95120AD129DA54B7008D5144 /* Debug */ = {
			isa = XCBuildConfiguration;
			buildSettings = {
				ALWAYS_SEARCH_USER_PATHS = NO;
				CLANG_ANALYZER_NONNULL = YES;
				CLANG_ANALYZER_NUMBER_OBJECT_CONVERSION = YES_AGGRESSIVE;
				CLANG_CXX_LANGUAGE_STANDARD = "gnu++20";
				CLANG_ENABLE_MODULES = YES;
				CLANG_ENABLE_OBJC_ARC = YES;
				CLANG_ENABLE_OBJC_WEAK = YES;
				CLANG_WARN_BLOCK_CAPTURE_AUTORELEASING = YES;
				CLANG_WARN_BOOL_CONVERSION = YES;
				CLANG_WARN_COMMA = YES;
				CLANG_WARN_CONSTANT_CONVERSION = YES;
				CLANG_WARN_DEPRECATED_OBJC_IMPLEMENTATIONS = YES;
				CLANG_WARN_DIRECT_OBJC_ISA_USAGE = YES_ERROR;
				CLANG_WARN_DOCUMENTATION_COMMENTS = YES;
				CLANG_WARN_EMPTY_BODY = YES;
				CLANG_WARN_ENUM_CONVERSION = YES;
				CLANG_WARN_INFINITE_RECURSION = YES;
				CLANG_WARN_INT_CONVERSION = YES;
				CLANG_WARN_NON_LITERAL_NULL_CONVERSION = YES;
				CLANG_WARN_OBJC_IMPLICIT_RETAIN_SELF = YES;
				CLANG_WARN_OBJC_LITERAL_CONVERSION = YES;
				CLANG_WARN_OBJC_ROOT_CLASS = YES_ERROR;
				CLANG_WARN_QUOTED_INCLUDE_IN_FRAMEWORK_HEADER = YES;
				CLANG_WARN_RANGE_LOOP_ANALYSIS = YES;
				CLANG_WARN_STRICT_PROTOTYPES = YES;
				CLANG_WARN_SUSPICIOUS_MOVE = YES;
				CLANG_WARN_UNGUARDED_AVAILABILITY = YES_AGGRESSIVE;
				CLANG_WARN_UNREACHABLE_CODE = YES;
				CLANG_WARN__DUPLICATE_METHOD_MATCH = YES;
				COPY_PHASE_STRIP = NO;
				DEBUG_INFORMATION_FORMAT = dwarf;
				ENABLE_STRICT_OBJC_MSGSEND = YES;
				ENABLE_TESTABILITY = YES;
				GCC_C_LANGUAGE_STANDARD = gnu11;
				GCC_DYNAMIC_NO_PIC = NO;
				GCC_NO_COMMON_BLOCKS = YES;
				GCC_OPTIMIZATION_LEVEL = 0;
				GCC_PREPROCESSOR_DEFINITIONS = (
					"DEBUG=1",
					"$(inherited)",
				);
				GCC_WARN_64_TO_32_BIT_CONVERSION = YES;
				GCC_WARN_ABOUT_RETURN_TYPE = YES_ERROR;
				GCC_WARN_UNDECLARED_SELECTOR = YES;
				GCC_WARN_UNINITIALIZED_AUTOS = YES_AGGRESSIVE;
				GCC_WARN_UNUSED_FUNCTION = YES;
				GCC_WARN_UNUSED_VARIABLE = YES;
				IPHONEOS_DEPLOYMENT_TARGET = 16.0;
				MTL_ENABLE_DEBUG_INFO = INCLUDE_SOURCE;
				MTL_FAST_MATH = YES;
				ONLY_ACTIVE_ARCH = YES;
				SDKROOT = iphoneos;
				SWIFT_ACTIVE_COMPILATION_CONDITIONS = DEBUG;
				SWIFT_OPTIMIZATION_LEVEL = "-Onone";
			};
			name = Debug;
		};
		95120AD229DA54B7008D5144 /* Release */ = {
			isa = XCBuildConfiguration;
			buildSettings = {
				ALWAYS_SEARCH_USER_PATHS = NO;
				CLANG_ANALYZER_NONNULL = YES;
				CLANG_ANALYZER_NUMBER_OBJECT_CONVERSION = YES_AGGRESSIVE;
				CLANG_CXX_LANGUAGE_STANDARD = "gnu++20";
				CLANG_ENABLE_MODULES = YES;
				CLANG_ENABLE_OBJC_ARC = YES;
				CLANG_ENABLE_OBJC_WEAK = YES;
				CLANG_WARN_BLOCK_CAPTURE_AUTORELEASING = YES;
				CLANG_WARN_BOOL_CONVERSION = YES;
				CLANG_WARN_COMMA = YES;
				CLANG_WARN_CONSTANT_CONVERSION = YES;
				CLANG_WARN_DEPRECATED_OBJC_IMPLEMENTATIONS = YES;
				CLANG_WARN_DIRECT_OBJC_ISA_USAGE = YES_ERROR;
				CLANG_WARN_DOCUMENTATION_COMMENTS = YES;
				CLANG_WARN_EMPTY_BODY = YES;
				CLANG_WARN_ENUM_CONVERSION = YES;
				CLANG_WARN_INFINITE_RECURSION = YES;
				CLANG_WARN_INT_CONVERSION = YES;
				CLANG_WARN_NON_LITERAL_NULL_CONVERSION = YES;
				CLANG_WARN_OBJC_IMPLICIT_RETAIN_SELF = YES;
				CLANG_WARN_OBJC_LITERAL_CONVERSION = YES;
				CLANG_WARN_OBJC_ROOT_CLASS = YES_ERROR;
				CLANG_WARN_QUOTED_INCLUDE_IN_FRAMEWORK_HEADER = YES;
				CLANG_WARN_RANGE_LOOP_ANALYSIS = YES;
				CLANG_WARN_STRICT_PROTOTYPES = YES;
				CLANG_WARN_SUSPICIOUS_MOVE = YES;
				CLANG_WARN_UNGUARDED_AVAILABILITY = YES_AGGRESSIVE;
				CLANG_WARN_UNREACHABLE_CODE = YES;
				CLANG_WARN__DUPLICATE_METHOD_MATCH = YES;
				COPY_PHASE_STRIP = NO;
				DEBUG_INFORMATION_FORMAT = "dwarf-with-dsym";
				ENABLE_NS_ASSERTIONS = NO;
				ENABLE_STRICT_OBJC_MSGSEND = YES;
				GCC_C_LANGUAGE_STANDARD = gnu11;
				GCC_NO_COMMON_BLOCKS = YES;
				GCC_WARN_64_TO_32_BIT_CONVERSION = YES;
				GCC_WARN_ABOUT_RETURN_TYPE = YES_ERROR;
				GCC_WARN_UNDECLARED_SELECTOR = YES;
				GCC_WARN_UNINITIALIZED_AUTOS = YES_AGGRESSIVE;
				GCC_WARN_UNUSED_FUNCTION = YES;
				GCC_WARN_UNUSED_VARIABLE = YES;
				IPHONEOS_DEPLOYMENT_TARGET = 16.0;
				MTL_ENABLE_DEBUG_INFO = NO;
				MTL_FAST_MATH = YES;
				SDKROOT = iphoneos;
				SWIFT_COMPILATION_MODE = wholemodule;
				SWIFT_OPTIMIZATION_LEVEL = "-O";
				VALIDATE_PRODUCT = YES;
			};
			name = Release;
		};
		95120AD429DA54B7008D5144 /* Debug */ = {
			isa = XCBuildConfiguration;
			buildSettings = {
				ASSETCATALOG_COMPILER_APPICON_NAME = AppIcon;
				ASSETCATALOG_COMPILER_GLOBAL_ACCENT_COLOR_NAME = AccentColor;
				CODE_SIGN_STYLE = Automatic;
				CURRENT_PROJECT_VERSION = 1;
				DEVELOPMENT_TEAM = 3HQN9YN4MK;
				GENERATE_INFOPLIST_FILE = YES;
				INFOPLIST_FILE = DeliveryApp/Info.plist;
				INFOPLIST_KEY_UIApplicationSupportsIndirectInputEvents = YES;
				INFOPLIST_KEY_UILaunchStoryboardName = LaunchScreen;
				INFOPLIST_KEY_UISupportedInterfaceOrientations_iPad = "UIInterfaceOrientationPortrait UIInterfaceOrientationPortraitUpsideDown UIInterfaceOrientationLandscapeLeft UIInterfaceOrientationLandscapeRight";
				INFOPLIST_KEY_UISupportedInterfaceOrientations_iPhone = "UIInterfaceOrientationPortrait UIInterfaceOrientationLandscapeLeft UIInterfaceOrientationLandscapeRight";
				LD_RUNPATH_SEARCH_PATHS = (
					"$(inherited)",
					"@executable_path/Frameworks",
				);
				MARKETING_VERSION = 1.0;
				PRODUCT_BUNDLE_IDENTIFIER = "------.DeliveryApp";
				PRODUCT_NAME = "$(TARGET_NAME)";
				SWIFT_EMIT_LOC_STRINGS = YES;
				SWIFT_VERSION = 5.0;
				TARGETED_DEVICE_FAMILY = "1,2";
			};
			name = Debug;
		};
		95120AD529DA54B7008D5144 /* Release */ = {
			isa = XCBuildConfiguration;
			buildSettings = {
				ASSETCATALOG_COMPILER_APPICON_NAME = AppIcon;
				ASSETCATALOG_COMPILER_GLOBAL_ACCENT_COLOR_NAME = AccentColor;
				CODE_SIGN_STYLE = Automatic;
				CURRENT_PROJECT_VERSION = 1;
				DEVELOPMENT_TEAM = 3HQN9YN4MK;
				GENERATE_INFOPLIST_FILE = YES;
				INFOPLIST_FILE = DeliveryApp/Info.plist;
				INFOPLIST_KEY_UIApplicationSupportsIndirectInputEvents = YES;
				INFOPLIST_KEY_UILaunchStoryboardName = LaunchScreen;
				INFOPLIST_KEY_UISupportedInterfaceOrientations_iPad = "UIInterfaceOrientationPortrait UIInterfaceOrientationPortraitUpsideDown UIInterfaceOrientationLandscapeLeft UIInterfaceOrientationLandscapeRight";
				INFOPLIST_KEY_UISupportedInterfaceOrientations_iPhone = "UIInterfaceOrientationPortrait UIInterfaceOrientationLandscapeLeft UIInterfaceOrientationLandscapeRight";
				LD_RUNPATH_SEARCH_PATHS = (
					"$(inherited)",
					"@executable_path/Frameworks",
				);
				MARKETING_VERSION = 1.0;
				PRODUCT_BUNDLE_IDENTIFIER = "------.DeliveryApp";
				PRODUCT_NAME = "$(TARGET_NAME)";
				SWIFT_EMIT_LOC_STRINGS = YES;
				SWIFT_VERSION = 5.0;
				TARGETED_DEVICE_FAMILY = "1,2";
			};
			name = Release;
		};
/* End XCBuildConfiguration section */

/* Begin XCConfigurationList section */
		95120ABA29DA54B6008D5144 /* Build configuration list for PBXProject "DeliveryApp" */ = {
			isa = XCConfigurationList;
			buildConfigurations = (
				95120AD129DA54B7008D5144 /* Debug */,
				95120AD229DA54B7008D5144 /* Release */,
			);
			defaultConfigurationIsVisible = 0;
			defaultConfigurationName = Release;
		};
		95120AD329DA54B7008D5144 /* Build configuration list for PBXNativeTarget "DeliveryApp" */ = {
			isa = XCConfigurationList;
			buildConfigurations = (
				95120AD429DA54B7008D5144 /* Debug */,
				95120AD529DA54B7008D5144 /* Release */,
			);
			defaultConfigurationIsVisible = 0;
			defaultConfigurationName = Release;
		};
/* End XCConfigurationList section */
	};
	rootObject = 95120AB729DA54B6008D5144 /* Project object */;
}
